
Microsoft Visual Studio Solution File, Format Version 12.00
# Visual Studio Version 16
VisualStudioVersion = 16.0.30002.166
MinimumVisualStudioVersion = 10.0.40219.1
Project("{8BC9CEB8-8B4A-11D0-8D11-00A0C91BC942}") = "T_finder", "T_finder.vcxproj", "{37DE0593-3D36-44E3-BBB5-943262A4F5F7}"
EndProject
Global
	GlobalSection(SolutionConfigurationPlatforms) = preSolution
		Debug|x64 = Debug|x64
		Debug|x86 = Debug|x86
		Release|x64 = Release|x64
		Release|x86 = Release|x86
	EndGlobalSection
	GlobalSection(ProjectConfigurationPlatforms) = postSolution
		{37DE0593-3D36-44E3-BBB5-943262A4F5F7}.Debug|x64.ActiveCfg = Debug|x64
		{37DE0593-3D36-44E3-BBB5-943262A4F5F7}.Debug|x64.Build.0 = Debug|x64
		{37DE0593-3D36-44E3-BBB5-943262A4F5F7}.Debug|x86.ActiveCfg = Debug|Win32
		{37DE0593-3D36-44E3-BBB5-943262A4F5F7}.Debug|x86.Build.0 = Debug|Win32
		{37DE0593-3D36-44E3-BBB5-943262A4F5F7}.Release|x64.ActiveCfg = Release|x64
		{37DE0593-3D36-44E3-BBB5-943262A4F5F7}.Release|x64.Build.0 = Release|x64
		{37DE0593-3D36-44E3-BBB5-943262A4F5F7}.Release|x86.ActiveCfg = Release|Win32
		{37DE0593-3D36-44E3-BBB5-943262A4F5F7}.Release|x86.Build.0 = Release|Win32
	EndGlobalSection
	GlobalSection(SolutionProperties) = preSolution
		HideSolutionNode = FALSE
	EndGlobalSection
	GlobalSection(ExtensibilityGlobals) = postSolution
		SolutionGuid = {44B50E68-7F3D-43C7-8030-19D0636A7A66}
	EndGlobalSection
EndGlobal
